// !$*UTF8*$!
{
	archiveVersion = 1;
	classes = {
	};
	objectVersion = 56;
	objects = {

/* Begin PBXBuildFile section */
		BB222A492B58374A006D5DC4 /* DummyBackend.swift in Sources */ = {isa = PBXBuildFile; fileRef = BB222A482B58374A006D5DC4 /* DummyBackend.swift */; };
		BB222A4C2B583F63006D5DC4 /* OnboardingQuestionsAPI.swift in Sources */ = {isa = PBXBuildFile; fileRef = BB222A4B2B583F63006D5DC4 /* OnboardingQuestionsAPI.swift */; };
		BB222A512B640B88006D5DC4 /* OnboardingUserCreationViewController.swift in Sources */ = {isa = PBXBuildFile; fileRef = BB222A4F2B640B88006D5DC4 /* OnboardingUserCreationViewController.swift */; };
		BB222A522B640B88006D5DC4 /* OnboardingUserCreationViewController.xib in Resources */ = {isa = PBXBuildFile; fileRef = BB222A502B640B88006D5DC4 /* OnboardingUserCreationViewController.xib */; };
		BB222A542B641752006D5DC4 /* Extensions.swift in Sources */ = {isa = PBXBuildFile; fileRef = BB222A532B641752006D5DC4 /* Extensions.swift */; };
		BB222A572B642A7E006D5DC4 /* OnboardingUserPasswordViewController.swift in Sources */ = {isa = PBXBuildFile; fileRef = BB222A552B642A7E006D5DC4 /* OnboardingUserPasswordViewController.swift */; };
		BB222A582B642A7E006D5DC4 /* OnboardingUserPasswordViewController.xib in Resources */ = {isa = PBXBuildFile; fileRef = BB222A562B642A7E006D5DC4 /* OnboardingUserPasswordViewController.xib */; };
		BB222A5B2B6434C1006D5DC4 /* OnboardingAdoptiveParentViewController.swift in Sources */ = {isa = PBXBuildFile; fileRef = BB222A592B6434C1006D5DC4 /* OnboardingAdoptiveParentViewController.swift */; };
		BB222A5C2B6434C1006D5DC4 /* OnboardingAdoptiveParentViewController.xib in Resources */ = {isa = PBXBuildFile; fileRef = BB222A5A2B6434C1006D5DC4 /* OnboardingAdoptiveParentViewController.xib */; };
		BB2523402B4F4047000E75A5 /* OnboardingViewController.swift in Sources */ = {isa = PBXBuildFile; fileRef = BB25233E2B4F4047000E75A5 /* OnboardingViewController.swift */; };
		BB2523412B4F4047000E75A5 /* OnboardingViewController.xib in Resources */ = {isa = PBXBuildFile; fileRef = BB25233F2B4F4047000E75A5 /* OnboardingViewController.xib */; };
		BB2523482B5060A2000E75A5 /* OnboardingAccountTypeViewController.swift in Sources */ = {isa = PBXBuildFile; fileRef = BB2523462B5060A2000E75A5 /* OnboardingAccountTypeViewController.swift */; };
		BB2523492B5060A2000E75A5 /* OnboardingAccountTypeViewController.xib in Resources */ = {isa = PBXBuildFile; fileRef = BB2523472B5060A2000E75A5 /* OnboardingAccountTypeViewController.xib */; };
		BB25234C2B506160000E75A5 /* UserModels.swift in Sources */ = {isa = PBXBuildFile; fileRef = BB25234B2B506160000E75A5 /* UserModels.swift */; };
		BB25234E2B518065000E75A5 /* Quicksand in Resources */ = {isa = PBXBuildFile; fileRef = BB25234D2B518065000E75A5 /* Quicksand */; };
		BB40D1632B76741700BE9D83 /* FirebaseAnalytics in Frameworks */ = {isa = PBXBuildFile; productRef = BB40D1622B76741700BE9D83 /* FirebaseAnalytics */; };
		BB40D1652B76741700BE9D83 /* FirebaseAnalyticsOnDeviceConversion in Frameworks */ = {isa = PBXBuildFile; productRef = BB40D1642B76741700BE9D83 /* FirebaseAnalyticsOnDeviceConversion */; };
		BB40D1672B76741700BE9D83 /* FirebaseAnalyticsSwift in Frameworks */ = {isa = PBXBuildFile; productRef = BB40D1662B76741700BE9D83 /* FirebaseAnalyticsSwift */; };
		BB40D1692B76741700BE9D83 /* FirebaseAnalyticsWithoutAdIdSupport in Frameworks */ = {isa = PBXBuildFile; productRef = BB40D1682B76741700BE9D83 /* FirebaseAnalyticsWithoutAdIdSupport */; };
		BB40D16B2B76741700BE9D83 /* FirebaseAuth in Frameworks */ = {isa = PBXBuildFile; productRef = BB40D16A2B76741700BE9D83 /* FirebaseAuth */; };
		BB40D16D2B76741700BE9D83 /* FirebaseAuthCombine-Community in Frameworks */ = {isa = PBXBuildFile; productRef = BB40D16C2B76741700BE9D83 /* FirebaseAuthCombine-Community */; };
		BB40D16F2B76741700BE9D83 /* FirebaseCrashlytics in Frameworks */ = {isa = PBXBuildFile; productRef = BB40D16E2B76741700BE9D83 /* FirebaseCrashlytics */; };
		BB40D1712B76741700BE9D83 /* FirebaseDynamicLinks in Frameworks */ = {isa = PBXBuildFile; productRef = BB40D1702B76741700BE9D83 /* FirebaseDynamicLinks */; };
		BB40D1732B76741700BE9D83 /* FirebaseInAppMessaging-Beta in Frameworks */ = {isa = PBXBuildFile; productRef = BB40D1722B76741700BE9D83 /* FirebaseInAppMessaging-Beta */; };
		BB40D1752B76741700BE9D83 /* FirebaseInAppMessagingSwift-Beta in Frameworks */ = {isa = PBXBuildFile; productRef = BB40D1742B76741700BE9D83 /* FirebaseInAppMessagingSwift-Beta */; };
		BB40D1772B7A67DF00BE9D83 /* LoginAPI.swift in Sources */ = {isa = PBXBuildFile; fileRef = BB40D1762B7A67DF00BE9D83 /* LoginAPI.swift */; };
		BB40D1792B7FBE4900BE9D83 /* UserAPI.swift in Sources */ = {isa = PBXBuildFile; fileRef = BB40D1782B7FBE4900BE9D83 /* UserAPI.swift */; };
		BB53435F2B76719C00A02537 /* GoogleService-Info.plist in Resources */ = {isa = PBXBuildFile; fileRef = BB53435E2B76719C00A02537 /* GoogleService-Info.plist */; };
		BB6E710F2B4E2A1A00F13459 /* AppDelegate.swift in Sources */ = {isa = PBXBuildFile; fileRef = BB6E710E2B4E2A1A00F13459 /* AppDelegate.swift */; };
		BB6E71112B4E2A1A00F13459 /* SceneDelegate.swift in Sources */ = {isa = PBXBuildFile; fileRef = BB6E71102B4E2A1A00F13459 /* SceneDelegate.swift */; };
		BB6E71132B4E2A1A00F13459 /* ViewController.swift in Sources */ = {isa = PBXBuildFile; fileRef = BB6E71122B4E2A1A00F13459 /* ViewController.swift */; };
		BB6E71162B4E2A1A00F13459 /* Main.storyboard in Resources */ = {isa = PBXBuildFile; fileRef = BB6E71142B4E2A1A00F13459 /* Main.storyboard */; };
		BB6E71182B4E2A1C00F13459 /* Assets.xcassets in Resources */ = {isa = PBXBuildFile; fileRef = BB6E71172B4E2A1C00F13459 /* Assets.xcassets */; };
		BB6E711B2B4E2A1C00F13459 /* LaunchScreen.storyboard in Resources */ = {isa = PBXBuildFile; fileRef = BB6E71192B4E2A1C00F13459 /* LaunchScreen.storyboard */; };
		BB6E71262B4E2A1C00F13459 /* GraftTests.swift in Sources */ = {isa = PBXBuildFile; fileRef = BB6E71252B4E2A1C00F13459 /* GraftTests.swift */; };
		BB6E71302B4E2A1C00F13459 /* GraftUITests.swift in Sources */ = {isa = PBXBuildFile; fileRef = BB6E712F2B4E2A1C00F13459 /* GraftUITests.swift */; };
		BB6E71322B4E2A1C00F13459 /* GraftUITestsLaunchTests.swift in Sources */ = {isa = PBXBuildFile; fileRef = BB6E71312B4E2A1C00F13459 /* GraftUITestsLaunchTests.swift */; };
		BB6E71412B4E361600F13459 /* GraftTabBarControllerViewController.swift in Sources */ = {isa = PBXBuildFile; fileRef = BB6E713F2B4E361600F13459 /* GraftTabBarControllerViewController.swift */; };
		BB6E71422B4E361600F13459 /* GraftTabBarControllerViewController.xib in Resources */ = {isa = PBXBuildFile; fileRef = BB6E71402B4E361600F13459 /* GraftTabBarControllerViewController.xib */; };
		BBC01C212B51D15F006D734B /* SocialModels.swift in Sources */ = {isa = PBXBuildFile; fileRef = BBC01C202B51D15F006D734B /* SocialModels.swift */; };
/* End PBXBuildFile section */

/* Begin PBXContainerItemProxy section */
		BB6E71222B4E2A1C00F13459 /* PBXContainerItemProxy */ = {
			isa = PBXContainerItemProxy;
			containerPortal = BB6E71032B4E2A1A00F13459 /* Project object */;
			proxyType = 1;
			remoteGlobalIDString = BB6E710A2B4E2A1A00F13459;
			remoteInfo = Graft;
		};
		BB6E712C2B4E2A1C00F13459 /* PBXContainerItemProxy */ = {
			isa = PBXContainerItemProxy;
			containerPortal = BB6E71032B4E2A1A00F13459 /* Project object */;
			proxyType = 1;
			remoteGlobalIDString = BB6E710A2B4E2A1A00F13459;
			remoteInfo = Graft;
		};
/* End PBXContainerItemProxy section */

/* Begin PBXFileReference section */
		BB222A482B58374A006D5DC4 /* DummyBackend.swift */ = {isa = PBXFileReference; lastKnownFileType = sourcecode.swift; path = DummyBackend.swift; sourceTree = "<group>"; };
		BB222A4B2B583F63006D5DC4 /* OnboardingQuestionsAPI.swift */ = {isa = PBXFileReference; lastKnownFileType = sourcecode.swift; path = OnboardingQuestionsAPI.swift; sourceTree = "<group>"; };
		BB222A4F2B640B88006D5DC4 /* OnboardingUserCreationViewController.swift */ = {isa = PBXFileReference; lastKnownFileType = sourcecode.swift; path = OnboardingUserCreationViewController.swift; sourceTree = "<group>"; };
		BB222A502B640B88006D5DC4 /* OnboardingUserCreationViewController.xib */ = {isa = PBXFileReference; lastKnownFileType = file.xib; path = OnboardingUserCreationViewController.xib; sourceTree = "<group>"; };
		BB222A532B641752006D5DC4 /* Extensions.swift */ = {isa = PBXFileReference; lastKnownFileType = sourcecode.swift; path = Extensions.swift; sourceTree = "<group>"; };
		BB222A552B642A7E006D5DC4 /* OnboardingUserPasswordViewController.swift */ = {isa = PBXFileReference; lastKnownFileType = sourcecode.swift; path = OnboardingUserPasswordViewController.swift; sourceTree = "<group>"; };
		BB222A562B642A7E006D5DC4 /* OnboardingUserPasswordViewController.xib */ = {isa = PBXFileReference; lastKnownFileType = file.xib; path = OnboardingUserPasswordViewController.xib; sourceTree = "<group>"; };
		BB222A592B6434C1006D5DC4 /* OnboardingAdoptiveParentViewController.swift */ = {isa = PBXFileReference; lastKnownFileType = sourcecode.swift; path = OnboardingAdoptiveParentViewController.swift; sourceTree = "<group>"; };
		BB222A5A2B6434C1006D5DC4 /* OnboardingAdoptiveParentViewController.xib */ = {isa = PBXFileReference; lastKnownFileType = file.xib; path = OnboardingAdoptiveParentViewController.xib; sourceTree = "<group>"; };
		BB25233E2B4F4047000E75A5 /* OnboardingViewController.swift */ = {isa = PBXFileReference; lastKnownFileType = sourcecode.swift; path = OnboardingViewController.swift; sourceTree = "<group>"; };
		BB25233F2B4F4047000E75A5 /* OnboardingViewController.xib */ = {isa = PBXFileReference; lastKnownFileType = file.xib; path = OnboardingViewController.xib; sourceTree = "<group>"; };
		BB2523462B5060A2000E75A5 /* OnboardingAccountTypeViewController.swift */ = {isa = PBXFileReference; lastKnownFileType = sourcecode.swift; path = OnboardingAccountTypeViewController.swift; sourceTree = "<group>"; };
		BB2523472B5060A2000E75A5 /* OnboardingAccountTypeViewController.xib */ = {isa = PBXFileReference; lastKnownFileType = file.xib; path = OnboardingAccountTypeViewController.xib; sourceTree = "<group>"; };
		BB25234B2B506160000E75A5 /* UserModels.swift */ = {isa = PBXFileReference; lastKnownFileType = sourcecode.swift; path = UserModels.swift; sourceTree = "<group>"; };
		BB25234D2B518065000E75A5 /* Quicksand */ = {isa = PBXFileReference; lastKnownFileType = folder; path = Quicksand; sourceTree = "<group>"; };
		BB40D1762B7A67DF00BE9D83 /* LoginAPI.swift */ = {isa = PBXFileReference; lastKnownFileType = sourcecode.swift; path = LoginAPI.swift; sourceTree = "<group>"; };
		BB40D1782B7FBE4900BE9D83 /* UserAPI.swift */ = {isa = PBXFileReference; lastKnownFileType = sourcecode.swift; path = UserAPI.swift; sourceTree = "<group>"; };
		BB53435E2B76719C00A02537 /* GoogleService-Info.plist */ = {isa = PBXFileReference; fileEncoding = 4; lastKnownFileType = text.plist.xml; path = "GoogleService-Info.plist"; sourceTree = "<group>"; };
		BB6E710B2B4E2A1A00F13459 /* Graft.app */ = {isa = PBXFileReference; explicitFileType = wrapper.application; includeInIndex = 0; path = Graft.app; sourceTree = BUILT_PRODUCTS_DIR; };
		BB6E710E2B4E2A1A00F13459 /* AppDelegate.swift */ = {isa = PBXFileReference; lastKnownFileType = sourcecode.swift; path = AppDelegate.swift; sourceTree = "<group>"; };
		BB6E71102B4E2A1A00F13459 /* SceneDelegate.swift */ = {isa = PBXFileReference; lastKnownFileType = sourcecode.swift; path = SceneDelegate.swift; sourceTree = "<group>"; };
		BB6E71122B4E2A1A00F13459 /* ViewController.swift */ = {isa = PBXFileReference; lastKnownFileType = sourcecode.swift; path = ViewController.swift; sourceTree = "<group>"; };
		BB6E71152B4E2A1A00F13459 /* Base */ = {isa = PBXFileReference; lastKnownFileType = file.storyboard; name = Base; path = Base.lproj/Main.storyboard; sourceTree = "<group>"; };
		BB6E71172B4E2A1C00F13459 /* Assets.xcassets */ = {isa = PBXFileReference; lastKnownFileType = folder.assetcatalog; path = Assets.xcassets; sourceTree = "<group>"; };
		BB6E711A2B4E2A1C00F13459 /* Base */ = {isa = PBXFileReference; lastKnownFileType = file.storyboard; name = Base; path = Base.lproj/LaunchScreen.storyboard; sourceTree = "<group>"; };
		BB6E711C2B4E2A1C00F13459 /* Info.plist */ = {isa = PBXFileReference; lastKnownFileType = text.plist.xml; path = Info.plist; sourceTree = "<group>"; };
		BB6E71212B4E2A1C00F13459 /* GraftTests.xctest */ = {isa = PBXFileReference; explicitFileType = wrapper.cfbundle; includeInIndex = 0; path = GraftTests.xctest; sourceTree = BUILT_PRODUCTS_DIR; };
		BB6E71252B4E2A1C00F13459 /* GraftTests.swift */ = {isa = PBXFileReference; lastKnownFileType = sourcecode.swift; path = GraftTests.swift; sourceTree = "<group>"; };
		BB6E712B2B4E2A1C00F13459 /* GraftUITests.xctest */ = {isa = PBXFileReference; explicitFileType = wrapper.cfbundle; includeInIndex = 0; path = GraftUITests.xctest; sourceTree = BUILT_PRODUCTS_DIR; };
		BB6E712F2B4E2A1C00F13459 /* GraftUITests.swift */ = {isa = PBXFileReference; lastKnownFileType = sourcecode.swift; path = GraftUITests.swift; sourceTree = "<group>"; };
		BB6E71312B4E2A1C00F13459 /* GraftUITestsLaunchTests.swift */ = {isa = PBXFileReference; lastKnownFileType = sourcecode.swift; path = GraftUITestsLaunchTests.swift; sourceTree = "<group>"; };
		BB6E713F2B4E361600F13459 /* GraftTabBarControllerViewController.swift */ = {isa = PBXFileReference; lastKnownFileType = sourcecode.swift; path = GraftTabBarControllerViewController.swift; sourceTree = "<group>"; };
		BB6E71402B4E361600F13459 /* GraftTabBarControllerViewController.xib */ = {isa = PBXFileReference; lastKnownFileType = file.xib; path = GraftTabBarControllerViewController.xib; sourceTree = "<group>"; };
		BBC01C202B51D15F006D734B /* SocialModels.swift */ = {isa = PBXFileReference; lastKnownFileType = sourcecode.swift; path = SocialModels.swift; sourceTree = "<group>"; };
/* End PBXFileReference section */

/* Begin PBXFrameworksBuildPhase section */
		BB6E71082B4E2A1A00F13459 /* Frameworks */ = {
			isa = PBXFrameworksBuildPhase;
			buildActionMask = 2147483647;
			files = (
				BB40D1672B76741700BE9D83 /* FirebaseAnalyticsSwift in Frameworks */,
				BB40D16D2B76741700BE9D83 /* FirebaseAuthCombine-Community in Frameworks */,
				BB40D1752B76741700BE9D83 /* FirebaseInAppMessagingSwift-Beta in Frameworks */,
				BB40D1732B76741700BE9D83 /* FirebaseInAppMessaging-Beta in Frameworks */,
				BB40D16B2B76741700BE9D83 /* FirebaseAuth in Frameworks */,
				BB40D1712B76741700BE9D83 /* FirebaseDynamicLinks in Frameworks */,
				BB40D16F2B76741700BE9D83 /* FirebaseCrashlytics in Frameworks */,
				BB40D1632B76741700BE9D83 /* FirebaseAnalytics in Frameworks */,
				BB40D1652B76741700BE9D83 /* FirebaseAnalyticsOnDeviceConversion in Frameworks */,
				BB40D1692B76741700BE9D83 /* FirebaseAnalyticsWithoutAdIdSupport in Frameworks */,
			);
			runOnlyForDeploymentPostprocessing = 0;
		};
		BB6E711E2B4E2A1C00F13459 /* Frameworks */ = {
			isa = PBXFrameworksBuildPhase;
			buildActionMask = 2147483647;
			files = (
			);
			runOnlyForDeploymentPostprocessing = 0;
		};
		BB6E71282B4E2A1C00F13459 /* Frameworks */ = {
			isa = PBXFrameworksBuildPhase;
			buildActionMask = 2147483647;
			files = (
			);
			runOnlyForDeploymentPostprocessing = 0;
		};
/* End PBXFrameworksBuildPhase section */

/* Begin PBXGroup section */
		BB222A4A2B583F47006D5DC4 /* Data */ = {
			isa = PBXGroup;
			children = (
				BB222A4B2B583F63006D5DC4 /* OnboardingQuestionsAPI.swift */,
				BB40D1762B7A67DF00BE9D83 /* LoginAPI.swift */,
				BB40D1782B7FBE4900BE9D83 /* UserAPI.swift */,
			);
			path = Data;
			sourceTree = "<group>";
		};
		BB2523392B4F3D61000E75A5 /* CreateAccount */ = {
			isa = PBXGroup;
			children = (
				BB25233E2B4F4047000E75A5 /* OnboardingViewController.swift */,
				BB25233F2B4F4047000E75A5 /* OnboardingViewController.xib */,
				BB2523462B5060A2000E75A5 /* OnboardingAccountTypeViewController.swift */,
				BB2523472B5060A2000E75A5 /* OnboardingAccountTypeViewController.xib */,
				BB222A4F2B640B88006D5DC4 /* OnboardingUserCreationViewController.swift */,
				BB222A502B640B88006D5DC4 /* OnboardingUserCreationViewController.xib */,
				BB222A552B642A7E006D5DC4 /* OnboardingUserPasswordViewController.swift */,
				BB222A562B642A7E006D5DC4 /* OnboardingUserPasswordViewController.xib */,
				BB222A592B6434C1006D5DC4 /* OnboardingAdoptiveParentViewController.swift */,
				BB222A5A2B6434C1006D5DC4 /* OnboardingAdoptiveParentViewController.xib */,
			);
			path = CreateAccount;
			sourceTree = "<group>";
		};
		BB25234A2B506147000E75A5 /* Models */ = {
			isa = PBXGroup;
			children = (
				BB25234B2B506160000E75A5 /* UserModels.swift */,
				BBC01C202B51D15F006D734B /* SocialModels.swift */,
			);
			path = Models;
			sourceTree = "<group>";
		};
		BB6E71022B4E2A1A00F13459 = {
			isa = PBXGroup;
			children = (
				BB6E710D2B4E2A1A00F13459 /* Graft */,
				BB6E71242B4E2A1C00F13459 /* GraftTests */,
				BB6E712E2B4E2A1C00F13459 /* GraftUITests */,
				BB6E710C2B4E2A1A00F13459 /* Products */,
			);
			sourceTree = "<group>";
		};
		BB6E710C2B4E2A1A00F13459 /* Products */ = {
			isa = PBXGroup;
			children = (
				BB6E710B2B4E2A1A00F13459 /* Graft.app */,
				BB6E71212B4E2A1C00F13459 /* GraftTests.xctest */,
				BB6E712B2B4E2A1C00F13459 /* GraftUITests.xctest */,
			);
			name = Products;
			sourceTree = "<group>";
		};
		BB6E710D2B4E2A1A00F13459 /* Graft */ = {
			isa = PBXGroup;
			children = (
				BB222A4A2B583F47006D5DC4 /* Data */,
				BB25234A2B506147000E75A5 /* Models */,
				BB2523392B4F3D61000E75A5 /* CreateAccount */,
				BB6E713E2B4E356C00F13459 /* GraftTabBar */,
				BB6E710E2B4E2A1A00F13459 /* AppDelegate.swift */,
				BB6E71102B4E2A1A00F13459 /* SceneDelegate.swift */,
				BB6E71122B4E2A1A00F13459 /* ViewController.swift */,
				BB6E71142B4E2A1A00F13459 /* Main.storyboard */,
				BB6E71172B4E2A1C00F13459 /* Assets.xcassets */,
				BB6E71192B4E2A1C00F13459 /* LaunchScreen.storyboard */,
				BB6E711C2B4E2A1C00F13459 /* Info.plist */,
				BB25234D2B518065000E75A5 /* Quicksand */,
				BB222A482B58374A006D5DC4 /* DummyBackend.swift */,
				BB222A532B641752006D5DC4 /* Extensions.swift */,
				BB53435E2B76719C00A02537 /* GoogleService-Info.plist */,
			);
			path = Graft;
			sourceTree = "<group>";
		};
		BB6E71242B4E2A1C00F13459 /* GraftTests */ = {
			isa = PBXGroup;
			children = (
				BB6E71252B4E2A1C00F13459 /* GraftTests.swift */,
			);
			path = GraftTests;
			sourceTree = "<group>";
		};
		BB6E712E2B4E2A1C00F13459 /* GraftUITests */ = {
			isa = PBXGroup;
			children = (
				BB6E712F2B4E2A1C00F13459 /* GraftUITests.swift */,
				BB6E71312B4E2A1C00F13459 /* GraftUITestsLaunchTests.swift */,
			);
			path = GraftUITests;
			sourceTree = "<group>";
		};
		BB6E713E2B4E356C00F13459 /* GraftTabBar */ = {
			isa = PBXGroup;
			children = (
				BB6E713F2B4E361600F13459 /* GraftTabBarControllerViewController.swift */,
				BB6E71402B4E361600F13459 /* GraftTabBarControllerViewController.xib */,
			);
			path = GraftTabBar;
			sourceTree = "<group>";
		};
/* End PBXGroup section */

/* Begin PBXNativeTarget section */
		BB6E710A2B4E2A1A00F13459 /* Graft */ = {
			isa = PBXNativeTarget;
			buildConfigurationList = BB6E71352B4E2A1C00F13459 /* Build configuration list for PBXNativeTarget "Graft" */;
			buildPhases = (
				BB6E71072B4E2A1A00F13459 /* Sources */,
				BB6E71082B4E2A1A00F13459 /* Frameworks */,
				BB6E71092B4E2A1A00F13459 /* Resources */,
			);
			buildRules = (
			);
			dependencies = (
			);
			name = Graft;
			packageProductDependencies = (
				BB40D1622B76741700BE9D83 /* FirebaseAnalytics */,
				BB40D1642B76741700BE9D83 /* FirebaseAnalyticsOnDeviceConversion */,
				BB40D1662B76741700BE9D83 /* FirebaseAnalyticsSwift */,
				BB40D1682B76741700BE9D83 /* FirebaseAnalyticsWithoutAdIdSupport */,
				BB40D16A2B76741700BE9D83 /* FirebaseAuth */,
				BB40D16C2B76741700BE9D83 /* FirebaseAuthCombine-Community */,
				BB40D16E2B76741700BE9D83 /* FirebaseCrashlytics */,
				BB40D1702B76741700BE9D83 /* FirebaseDynamicLinks */,
				BB40D1722B76741700BE9D83 /* FirebaseInAppMessaging-Beta */,
				BB40D1742B76741700BE9D83 /* FirebaseInAppMessagingSwift-Beta */,
			);
			productName = Graft;
			productReference = BB6E710B2B4E2A1A00F13459 /* Graft.app */;
			productType = "com.apple.product-type.application";
		};
		BB6E71202B4E2A1C00F13459 /* GraftTests */ = {
			isa = PBXNativeTarget;
			buildConfigurationList = BB6E71382B4E2A1C00F13459 /* Build configuration list for PBXNativeTarget "GraftTests" */;
			buildPhases = (
				BB6E711D2B4E2A1C00F13459 /* Sources */,
				BB6E711E2B4E2A1C00F13459 /* Frameworks */,
				BB6E711F2B4E2A1C00F13459 /* Resources */,
			);
			buildRules = (
			);
			dependencies = (
				BB6E71232B4E2A1C00F13459 /* PBXTargetDependency */,
			);
			name = GraftTests;
			productName = GraftTests;
			productReference = BB6E71212B4E2A1C00F13459 /* GraftTests.xctest */;
			productType = "com.apple.product-type.bundle.unit-test";
		};
		BB6E712A2B4E2A1C00F13459 /* GraftUITests */ = {
			isa = PBXNativeTarget;
			buildConfigurationList = BB6E713B2B4E2A1C00F13459 /* Build configuration list for PBXNativeTarget "GraftUITests" */;
			buildPhases = (
				BB6E71272B4E2A1C00F13459 /* Sources */,
				BB6E71282B4E2A1C00F13459 /* Frameworks */,
				BB6E71292B4E2A1C00F13459 /* Resources */,
			);
			buildRules = (
			);
			dependencies = (
				BB6E712D2B4E2A1C00F13459 /* PBXTargetDependency */,
			);
			name = GraftUITests;
			productName = GraftUITests;
			productReference = BB6E712B2B4E2A1C00F13459 /* GraftUITests.xctest */;
			productType = "com.apple.product-type.bundle.ui-testing";
		};
/* End PBXNativeTarget section */

/* Begin PBXProject section */
		BB6E71032B4E2A1A00F13459 /* Project object */ = {
			isa = PBXProject;
			attributes = {
				BuildIndependentTargetsInParallel = 1;
				LastSwiftUpdateCheck = 1420;
				LastUpgradeCheck = 1420;
				TargetAttributes = {
					BB6E710A2B4E2A1A00F13459 = {
						CreatedOnToolsVersion = 14.2;
					};
					BB6E71202B4E2A1C00F13459 = {
						CreatedOnToolsVersion = 14.2;
						TestTargetID = BB6E710A2B4E2A1A00F13459;
					};
					BB6E712A2B4E2A1C00F13459 = {
						CreatedOnToolsVersion = 14.2;
						TestTargetID = BB6E710A2B4E2A1A00F13459;
					};
				};
			};
			buildConfigurationList = BB6E71062B4E2A1A00F13459 /* Build configuration list for PBXProject "Graft" */;
			compatibilityVersion = "Xcode 14.0";
			developmentRegion = en;
			hasScannedForEncodings = 0;
			knownRegions = (
				en,
				Base,
			);
			mainGroup = BB6E71022B4E2A1A00F13459;
			packageReferences = (
				BB40D1612B76741700BE9D83 /* XCRemoteSwiftPackageReference "firebase-ios-sdk" */,
			);
			productRefGroup = BB6E710C2B4E2A1A00F13459 /* Products */;
			projectDirPath = "";
			projectRoot = "";
			targets = (
				BB6E710A2B4E2A1A00F13459 /* Graft */,
				BB6E71202B4E2A1C00F13459 /* GraftTests */,
				BB6E712A2B4E2A1C00F13459 /* GraftUITests */,
			);
		};
/* End PBXProject section */

/* Begin PBXResourcesBuildPhase section */
		BB6E71092B4E2A1A00F13459 /* Resources */ = {
			isa = PBXResourcesBuildPhase;
			buildActionMask = 2147483647;
			files = (
				BB6E711B2B4E2A1C00F13459 /* LaunchScreen.storyboard in Resources */,
				BB222A522B640B88006D5DC4 /* OnboardingUserCreationViewController.xib in Resources */,
				BB6E71182B4E2A1C00F13459 /* Assets.xcassets in Resources */,
				BB222A582B642A7E006D5DC4 /* OnboardingUserPasswordViewController.xib in Resources */,
				BB2523412B4F4047000E75A5 /* OnboardingViewController.xib in Resources */,
				BB25234E2B518065000E75A5 /* Quicksand in Resources */,
				BB6E71162B4E2A1A00F13459 /* Main.storyboard in Resources */,
				BB6E71422B4E361600F13459 /* GraftTabBarControllerViewController.xib in Resources */,
				BB53435F2B76719C00A02537 /* GoogleService-Info.plist in Resources */,
				BB2523492B5060A2000E75A5 /* OnboardingAccountTypeViewController.xib in Resources */,
				BB222A5C2B6434C1006D5DC4 /* OnboardingAdoptiveParentViewController.xib in Resources */,
			);
			runOnlyForDeploymentPostprocessing = 0;
		};
		BB6E711F2B4E2A1C00F13459 /* Resources */ = {
			isa = PBXResourcesBuildPhase;
			buildActionMask = 2147483647;
			files = (
			);
			runOnlyForDeploymentPostprocessing = 0;
		};
		BB6E71292B4E2A1C00F13459 /* Resources */ = {
			isa = PBXResourcesBuildPhase;
			buildActionMask = 2147483647;
			files = (
			);
			runOnlyForDeploymentPostprocessing = 0;
		};
/* End PBXResourcesBuildPhase section */

/* Begin PBXSourcesBuildPhase section */
		BB6E71072B4E2A1A00F13459 /* Sources */ = {
			isa = PBXSourcesBuildPhase;
			buildActionMask = 2147483647;
			files = (
				BB6E71132B4E2A1A00F13459 /* ViewController.swift in Sources */,
				BB40D1792B7FBE4900BE9D83 /* UserAPI.swift in Sources */,
				BB25234C2B506160000E75A5 /* UserModels.swift in Sources */,
				BB2523482B5060A2000E75A5 /* OnboardingAccountTypeViewController.swift in Sources */,
				BB6E710F2B4E2A1A00F13459 /* AppDelegate.swift in Sources */,
				BB2523402B4F4047000E75A5 /* OnboardingViewController.swift in Sources */,
				BB222A492B58374A006D5DC4 /* DummyBackend.swift in Sources */,
				BBC01C212B51D15F006D734B /* SocialModels.swift in Sources */,
				BB40D1772B7A67DF00BE9D83 /* LoginAPI.swift in Sources */,
				BB222A572B642A7E006D5DC4 /* OnboardingUserPasswordViewController.swift in Sources */,
				BB6E71112B4E2A1A00F13459 /* SceneDelegate.swift in Sources */,
				BB222A542B641752006D5DC4 /* Extensions.swift in Sources */,
				BB222A512B640B88006D5DC4 /* OnboardingUserCreationViewController.swift in Sources */,
				BB222A5B2B6434C1006D5DC4 /* OnboardingAdoptiveParentViewController.swift in Sources */,
				BB6E71412B4E361600F13459 /* GraftTabBarControllerViewController.swift in Sources */,
				BB222A4C2B583F63006D5DC4 /* OnboardingQuestionsAPI.swift in Sources */,
			);
			runOnlyForDeploymentPostprocessing = 0;
		};
		BB6E711D2B4E2A1C00F13459 /* Sources */ = {
			isa = PBXSourcesBuildPhase;
			buildActionMask = 2147483647;
			files = (
				BB6E71262B4E2A1C00F13459 /* GraftTests.swift in Sources */,
			);
			runOnlyForDeploymentPostprocessing = 0;
		};
		BB6E71272B4E2A1C00F13459 /* Sources */ = {
			isa = PBXSourcesBuildPhase;
			buildActionMask = 2147483647;
			files = (
				BB6E71302B4E2A1C00F13459 /* GraftUITests.swift in Sources */,
				BB6E71322B4E2A1C00F13459 /* GraftUITestsLaunchTests.swift in Sources */,
			);
			runOnlyForDeploymentPostprocessing = 0;
		};
/* End PBXSourcesBuildPhase section */

/* Begin PBXTargetDependency section */
		BB6E71232B4E2A1C00F13459 /* PBXTargetDependency */ = {
			isa = PBXTargetDependency;
			target = BB6E710A2B4E2A1A00F13459 /* Graft */;
			targetProxy = BB6E71222B4E2A1C00F13459 /* PBXContainerItemProxy */;
		};
		BB6E712D2B4E2A1C00F13459 /* PBXTargetDependency */ = {
			isa = PBXTargetDependency;
			target = BB6E710A2B4E2A1A00F13459 /* Graft */;
			targetProxy = BB6E712C2B4E2A1C00F13459 /* PBXContainerItemProxy */;
		};
/* End PBXTargetDependency section */

/* Begin PBXVariantGroup section */
		BB6E71142B4E2A1A00F13459 /* Main.storyboard */ = {
			isa = PBXVariantGroup;
			children = (
				BB6E71152B4E2A1A00F13459 /* Base */,
			);
			name = Main.storyboard;
			sourceTree = "<group>";
		};
		BB6E71192B4E2A1C00F13459 /* LaunchScreen.storyboard */ = {
			isa = PBXVariantGroup;
			children = (
				BB6E711A2B4E2A1C00F13459 /* Base */,
			);
			name = LaunchScreen.storyboard;
			sourceTree = "<group>";
		};
/* End PBXVariantGroup section */

/* Begin XCBuildConfiguration section */
		BB6E71332B4E2A1C00F13459 /* Debug */ = {
			isa = XCBuildConfiguration;
			buildSettings = {
				ALWAYS_SEARCH_USER_PATHS = NO;
				CLANG_ANALYZER_NONNULL = YES;
				CLANG_ANALYZER_NUMBER_OBJECT_CONVERSION = YES_AGGRESSIVE;
				CLANG_CXX_LANGUAGE_STANDARD = "gnu++20";
				CLANG_ENABLE_MODULES = YES;
				CLANG_ENABLE_OBJC_ARC = YES;
				CLANG_ENABLE_OBJC_WEAK = YES;
				CLANG_WARN_BLOCK_CAPTURE_AUTORELEASING = YES;
				CLANG_WARN_BOOL_CONVERSION = YES;
				CLANG_WARN_COMMA = YES;
				CLANG_WARN_CONSTANT_CONVERSION = YES;
				CLANG_WARN_DEPRECATED_OBJC_IMPLEMENTATIONS = YES;
				CLANG_WARN_DIRECT_OBJC_ISA_USAGE = YES_ERROR;
				CLANG_WARN_DOCUMENTATION_COMMENTS = YES;
				CLANG_WARN_EMPTY_BODY = YES;
				CLANG_WARN_ENUM_CONVERSION = YES;
				CLANG_WARN_INFINITE_RECURSION = YES;
				CLANG_WARN_INT_CONVERSION = YES;
				CLANG_WARN_NON_LITERAL_NULL_CONVERSION = YES;
				CLANG_WARN_OBJC_IMPLICIT_RETAIN_SELF = YES;
				CLANG_WARN_OBJC_LITERAL_CONVERSION = YES;
				CLANG_WARN_OBJC_ROOT_CLASS = YES_ERROR;
				CLANG_WARN_QUOTED_INCLUDE_IN_FRAMEWORK_HEADER = YES;
				CLANG_WARN_RANGE_LOOP_ANALYSIS = YES;
				CLANG_WARN_STRICT_PROTOTYPES = YES;
				CLANG_WARN_SUSPICIOUS_MOVE = YES;
				CLANG_WARN_UNGUARDED_AVAILABILITY = YES_AGGRESSIVE;
				CLANG_WARN_UNREACHABLE_CODE = YES;
				CLANG_WARN__DUPLICATE_METHOD_MATCH = YES;
				COPY_PHASE_STRIP = NO;
				DEBUG_INFORMATION_FORMAT = dwarf;
				ENABLE_STRICT_OBJC_MSGSEND = YES;
				ENABLE_TESTABILITY = YES;
				GCC_C_LANGUAGE_STANDARD = gnu11;
				GCC_DYNAMIC_NO_PIC = NO;
				GCC_NO_COMMON_BLOCKS = YES;
				GCC_OPTIMIZATION_LEVEL = 0;
				GCC_PREPROCESSOR_DEFINITIONS = (
					"DEBUG=1",
					"$(inherited)",
				);
				GCC_WARN_64_TO_32_BIT_CONVERSION = YES;
				GCC_WARN_ABOUT_RETURN_TYPE = YES_ERROR;
				GCC_WARN_UNDECLARED_SELECTOR = YES;
				GCC_WARN_UNINITIALIZED_AUTOS = YES_AGGRESSIVE;
				GCC_WARN_UNUSED_FUNCTION = YES;
				GCC_WARN_UNUSED_VARIABLE = YES;
				IPHONEOS_DEPLOYMENT_TARGET = 16.2;
				MTL_ENABLE_DEBUG_INFO = INCLUDE_SOURCE;
				MTL_FAST_MATH = YES;
				ONLY_ACTIVE_ARCH = YES;
				SDKROOT = iphoneos;
				SWIFT_ACTIVE_COMPILATION_CONDITIONS = DEBUG;
				SWIFT_OPTIMIZATION_LEVEL = "-Onone";
			};
			name = Debug;
		};
		BB6E71342B4E2A1C00F13459 /* Release */ = {
			isa = XCBuildConfiguration;
			buildSettings = {
				ALWAYS_SEARCH_USER_PATHS = NO;
				CLANG_ANALYZER_NONNULL = YES;
				CLANG_ANALYZER_NUMBER_OBJECT_CONVERSION = YES_AGGRESSIVE;
				CLANG_CXX_LANGUAGE_STANDARD = "gnu++20";
				CLANG_ENABLE_MODULES = YES;
				CLANG_ENABLE_OBJC_ARC = YES;
				CLANG_ENABLE_OBJC_WEAK = YES;
				CLANG_WARN_BLOCK_CAPTURE_AUTORELEASING = YES;
				CLANG_WARN_BOOL_CONVERSION = YES;
				CLANG_WARN_COMMA = YES;
				CLANG_WARN_CONSTANT_CONVERSION = YES;
				CLANG_WARN_DEPRECATED_OBJC_IMPLEMENTATIONS = YES;
				CLANG_WARN_DIRECT_OBJC_ISA_USAGE = YES_ERROR;
				CLANG_WARN_DOCUMENTATION_COMMENTS = YES;
				CLANG_WARN_EMPTY_BODY = YES;
				CLANG_WARN_ENUM_CONVERSION = YES;
				CLANG_WARN_INFINITE_RECURSION = YES;
				CLANG_WARN_INT_CONVERSION = YES;
				CLANG_WARN_NON_LITERAL_NULL_CONVERSION = YES;
				CLANG_WARN_OBJC_IMPLICIT_RETAIN_SELF = YES;
				CLANG_WARN_OBJC_LITERAL_CONVERSION = YES;
				CLANG_WARN_OBJC_ROOT_CLASS = YES_ERROR;
				CLANG_WARN_QUOTED_INCLUDE_IN_FRAMEWORK_HEADER = YES;
				CLANG_WARN_RANGE_LOOP_ANALYSIS = YES;
				CLANG_WARN_STRICT_PROTOTYPES = YES;
				CLANG_WARN_SUSPICIOUS_MOVE = YES;
				CLANG_WARN_UNGUARDED_AVAILABILITY = YES_AGGRESSIVE;
				CLANG_WARN_UNREACHABLE_CODE = YES;
				CLANG_WARN__DUPLICATE_METHOD_MATCH = YES;
				COPY_PHASE_STRIP = NO;
				DEBUG_INFORMATION_FORMAT = "dwarf-with-dsym";
				ENABLE_NS_ASSERTIONS = NO;
				ENABLE_STRICT_OBJC_MSGSEND = YES;
				GCC_C_LANGUAGE_STANDARD = gnu11;
				GCC_NO_COMMON_BLOCKS = YES;
				GCC_WARN_64_TO_32_BIT_CONVERSION = YES;
				GCC_WARN_ABOUT_RETURN_TYPE = YES_ERROR;
				GCC_WARN_UNDECLARED_SELECTOR = YES;
				GCC_WARN_UNINITIALIZED_AUTOS = YES_AGGRESSIVE;
				GCC_WARN_UNUSED_FUNCTION = YES;
				GCC_WARN_UNUSED_VARIABLE = YES;
				IPHONEOS_DEPLOYMENT_TARGET = 16.2;
				MTL_ENABLE_DEBUG_INFO = NO;
				MTL_FAST_MATH = YES;
				SDKROOT = iphoneos;
				SWIFT_COMPILATION_MODE = wholemodule;
				SWIFT_OPTIMIZATION_LEVEL = "-O";
				VALIDATE_PRODUCT = YES;
			};
			name = Release;
		};
		BB6E71362B4E2A1C00F13459 /* Debug */ = {
			isa = XCBuildConfiguration;
			buildSettings = {
				ASSETCATALOG_COMPILER_APPICON_NAME = AppIcon;
				ASSETCATALOG_COMPILER_GLOBAL_ACCENT_COLOR_NAME = AccentColor;
				CODE_SIGN_STYLE = Automatic;
				CURRENT_PROJECT_VERSION = 1;
				DEVELOPMENT_TEAM = AC45FSW6UK;
				GENERATE_INFOPLIST_FILE = YES;
				INFOPLIST_FILE = Graft/Info.plist;
				INFOPLIST_KEY_UIApplicationSupportsIndirectInputEvents = YES;
				INFOPLIST_KEY_UILaunchStoryboardName = LaunchScreen;
				INFOPLIST_KEY_UIMainStoryboardFile = Main;
				INFOPLIST_KEY_UISupportedInterfaceOrientations_iPad = "UIInterfaceOrientationPortrait UIInterfaceOrientationPortraitUpsideDown UIInterfaceOrientationLandscapeLeft UIInterfaceOrientationLandscapeRight";
				INFOPLIST_KEY_UISupportedInterfaceOrientations_iPhone = "UIInterfaceOrientationPortrait UIInterfaceOrientationLandscapeLeft UIInterfaceOrientationLandscapeRight";
				LD_RUNPATH_SEARCH_PATHS = (
					"$(inherited)",
					"@executable_path/Frameworks",
				);
				MARKETING_VERSION = 1.0;
				PRODUCT_BUNDLE_IDENTIFIER = Zapps.Graft;
				PRODUCT_NAME = "$(TARGET_NAME)";
				SWIFT_EMIT_LOC_STRINGS = YES;
				SWIFT_VERSION = 5.0;
				TARGETED_DEVICE_FAMILY = "1,2";
			};
			name = Debug;
		};
		BB6E71372B4E2A1C00F13459 /* Release */ = {
			isa = XCBuildConfiguration;
			buildSettings = {
				ASSETCATALOG_COMPILER_APPICON_NAME = AppIcon;
				ASSETCATALOG_COMPILER_GLOBAL_ACCENT_COLOR_NAME = AccentColor;
				CODE_SIGN_STYLE = Automatic;
				CURRENT_PROJECT_VERSION = 1;
				DEVELOPMENT_TEAM = AC45FSW6UK;
				GENERATE_INFOPLIST_FILE = YES;
				INFOPLIST_FILE = Graft/Info.plist;
				INFOPLIST_KEY_UIApplicationSupportsIndirectInputEvents = YES;
				INFOPLIST_KEY_UILaunchStoryboardName = LaunchScreen;
				INFOPLIST_KEY_UIMainStoryboardFile = Main;
				INFOPLIST_KEY_UISupportedInterfaceOrientations_iPad = "UIInterfaceOrientationPortrait UIInterfaceOrientationPortraitUpsideDown UIInterfaceOrientationLandscapeLeft UIInterfaceOrientationLandscapeRight";
				INFOPLIST_KEY_UISupportedInterfaceOrientations_iPhone = "UIInterfaceOrientationPortrait UIInterfaceOrientationLandscapeLeft UIInterfaceOrientationLandscapeRight";
				LD_RUNPATH_SEARCH_PATHS = (
					"$(inherited)",
					"@executable_path/Frameworks",
				);
				MARKETING_VERSION = 1.0;
				PRODUCT_BUNDLE_IDENTIFIER = Zapps.Graft;
				PRODUCT_NAME = "$(TARGET_NAME)";
				SWIFT_EMIT_LOC_STRINGS = YES;
				SWIFT_VERSION = 5.0;
				TARGETED_DEVICE_FAMILY = "1,2";
			};
			name = Release;
		};
		BB6E71392B4E2A1C00F13459 /* Debug */ = {
			isa = XCBuildConfiguration;
			buildSettings = {
				ALWAYS_EMBED_SWIFT_STANDARD_LIBRARIES = YES;
				BUNDLE_LOADER = "$(TEST_HOST)";
				CODE_SIGN_STYLE = Automatic;
				CURRENT_PROJECT_VERSION = 1;
				DEVELOPMENT_TEAM = AC45FSW6UK;
				GENERATE_INFOPLIST_FILE = YES;
				IPHONEOS_DEPLOYMENT_TARGET = 16.2;
				MARKETING_VERSION = 1.0;
				PRODUCT_BUNDLE_IDENTIFIER = Zapps.GraftTests;
				PRODUCT_NAME = "$(TARGET_NAME)";
				SWIFT_EMIT_LOC_STRINGS = NO;
				SWIFT_VERSION = 5.0;
				TARGETED_DEVICE_FAMILY = "1,2";
				TEST_HOST = "$(BUILT_PRODUCTS_DIR)/Graft.app/$(BUNDLE_EXECUTABLE_FOLDER_PATH)/Graft";
			};
			name = Debug;
		};
		BB6E713A2B4E2A1C00F13459 /* Release */ = {
			isa = XCBuildConfiguration;
			buildSettings = {
				ALWAYS_EMBED_SWIFT_STANDARD_LIBRARIES = YES;
				BUNDLE_LOADER = "$(TEST_HOST)";
				CODE_SIGN_STYLE = Automatic;
				CURRENT_PROJECT_VERSION = 1;
				DEVELOPMENT_TEAM = AC45FSW6UK;
				GENERATE_INFOPLIST_FILE = YES;
				IPHONEOS_DEPLOYMENT_TARGET = 16.2;
				MARKETING_VERSION = 1.0;
				PRODUCT_BUNDLE_IDENTIFIER = Zapps.GraftTests;
				PRODUCT_NAME = "$(TARGET_NAME)";
				SWIFT_EMIT_LOC_STRINGS = NO;
				SWIFT_VERSION = 5.0;
				TARGETED_DEVICE_FAMILY = "1,2";
				TEST_HOST = "$(BUILT_PRODUCTS_DIR)/Graft.app/$(BUNDLE_EXECUTABLE_FOLDER_PATH)/Graft";
			};
			name = Release;
		};
		BB6E713C2B4E2A1C00F13459 /* Debug */ = {
			isa = XCBuildConfiguration;
			buildSettings = {
				ALWAYS_EMBED_SWIFT_STANDARD_LIBRARIES = YES;
				CODE_SIGN_STYLE = Automatic;
				CURRENT_PROJECT_VERSION = 1;
				DEVELOPMENT_TEAM = AC45FSW6UK;
				GENERATE_INFOPLIST_FILE = YES;
				MARKETING_VERSION = 1.0;
				PRODUCT_BUNDLE_IDENTIFIER = Zapps.GraftUITests;
				PRODUCT_NAME = "$(TARGET_NAME)";
				SWIFT_EMIT_LOC_STRINGS = NO;
				SWIFT_VERSION = 5.0;
				TARGETED_DEVICE_FAMILY = "1,2";
				TEST_TARGET_NAME = Graft;
			};
			name = Debug;
		};
		BB6E713D2B4E2A1C00F13459 /* Release */ = {
			isa = XCBuildConfiguration;
			buildSettings = {
				ALWAYS_EMBED_SWIFT_STANDARD_LIBRARIES = YES;
				CODE_SIGN_STYLE = Automatic;
				CURRENT_PROJECT_VERSION = 1;
				DEVELOPMENT_TEAM = AC45FSW6UK;
				GENERATE_INFOPLIST_FILE = YES;
				MARKETING_VERSION = 1.0;
				PRODUCT_BUNDLE_IDENTIFIER = Zapps.GraftUITests;
				PRODUCT_NAME = "$(TARGET_NAME)";
				SWIFT_EMIT_LOC_STRINGS = NO;
				SWIFT_VERSION = 5.0;
				TARGETED_DEVICE_FAMILY = "1,2";
				TEST_TARGET_NAME = Graft;
			};
			name = Release;
		};
/* End XCBuildConfiguration section */

/* Begin XCConfigurationList section */
		BB6E71062B4E2A1A00F13459 /* Build configuration list for PBXProject "Graft" */ = {
			isa = XCConfigurationList;
			buildConfigurations = (
				BB6E71332B4E2A1C00F13459 /* Debug */,
				BB6E71342B4E2A1C00F13459 /* Release */,
			);
			defaultConfigurationIsVisible = 0;
			defaultConfigurationName = Release;
		};
		BB6E71352B4E2A1C00F13459 /* Build configuration list for PBXNativeTarget "Graft" */ = {
			isa = XCConfigurationList;
			buildConfigurations = (
				BB6E71362B4E2A1C00F13459 /* Debug */,
				BB6E71372B4E2A1C00F13459 /* Release */,
			);
			defaultConfigurationIsVisible = 0;
			defaultConfigurationName = Release;
		};
		BB6E71382B4E2A1C00F13459 /* Build configuration list for PBXNativeTarget "GraftTests" */ = {
			isa = XCConfigurationList;
			buildConfigurations = (
				BB6E71392B4E2A1C00F13459 /* Debug */,
				BB6E713A2B4E2A1C00F13459 /* Release */,
			);
			defaultConfigurationIsVisible = 0;
			defaultConfigurationName = Release;
		};
		BB6E713B2B4E2A1C00F13459 /* Build configuration list for PBXNativeTarget "GraftUITests" */ = {
			isa = XCConfigurationList;
			buildConfigurations = (
				BB6E713C2B4E2A1C00F13459 /* Debug */,
				BB6E713D2B4E2A1C00F13459 /* Release */,
			);
			defaultConfigurationIsVisible = 0;
			defaultConfigurationName = Release;
		};
/* End XCConfigurationList section */

/* Begin XCRemoteSwiftPackageReference section */
		BB40D1612B76741700BE9D83 /* XCRemoteSwiftPackageReference "firebase-ios-sdk" */ = {
			isa = XCRemoteSwiftPackageReference;
			repositoryURL = "https://github.com/firebase/firebase-ios-sdk";
			requirement = {
				kind = upToNextMajorVersion;
				minimumVersion = 10.21.0;
			};
		};
/* End XCRemoteSwiftPackageReference section */

/* Begin XCSwiftPackageProductDependency section */
		BB40D1622B76741700BE9D83 /* FirebaseAnalytics */ = {
			isa = XCSwiftPackageProductDependency;
			package = BB40D1612B76741700BE9D83 /* XCRemoteSwiftPackageReference "firebase-ios-sdk" */;
			productName = FirebaseAnalytics;
		};
		BB40D1642B76741700BE9D83 /* FirebaseAnalyticsOnDeviceConversion */ = {
			isa = XCSwiftPackageProductDependency;
			package = BB40D1612B76741700BE9D83 /* XCRemoteSwiftPackageReference "firebase-ios-sdk" */;
			productName = FirebaseAnalyticsOnDeviceConversion;
		};
		BB40D1662B76741700BE9D83 /* FirebaseAnalyticsSwift */ = {
			isa = XCSwiftPackageProductDependency;
			package = BB40D1612B76741700BE9D83 /* XCRemoteSwiftPackageReference "firebase-ios-sdk" */;
			productName = FirebaseAnalyticsSwift;
		};
		BB40D1682B76741700BE9D83 /* FirebaseAnalyticsWithoutAdIdSupport */ = {
			isa = XCSwiftPackageProductDependency;
			package = BB40D1612B76741700BE9D83 /* XCRemoteSwiftPackageReference "firebase-ios-sdk" */;
			productName = FirebaseAnalyticsWithoutAdIdSupport;
		};
		BB40D16A2B76741700BE9D83 /* FirebaseAuth */ = {
			isa = XCSwiftPackageProductDependency;
			package = BB40D1612B76741700BE9D83 /* XCRemoteSwiftPackageReference "firebase-ios-sdk" */;
			productName = FirebaseAuth;
		};
		BB40D16C2B76741700BE9D83 /* FirebaseAuthCombine-Community */ = {
			isa = XCSwiftPackageProductDependency;
			package = BB40D1612B76741700BE9D83 /* XCRemoteSwiftPackageReference "firebase-ios-sdk" */;
			productName = "FirebaseAuthCombine-Community";
		};
		BB40D16E2B76741700BE9D83 /* FirebaseCrashlytics */ = {
			isa = XCSwiftPackageProductDependency;
			package = BB40D1612B76741700BE9D83 /* XCRemoteSwiftPackageReference "firebase-ios-sdk" */;
			productName = FirebaseCrashlytics;
		};
		BB40D1702B76741700BE9D83 /* FirebaseDynamicLinks */ = {
			isa = XCSwiftPackageProductDependency;
			package = BB40D1612B76741700BE9D83 /* XCRemoteSwiftPackageReference "firebase-ios-sdk" */;
			productName = FirebaseDynamicLinks;
		};
		BB40D1722B76741700BE9D83 /* FirebaseInAppMessaging-Beta */ = {
			isa = XCSwiftPackageProductDependency;
			package = BB40D1612B76741700BE9D83 /* XCRemoteSwiftPackageReference "firebase-ios-sdk" */;
			productName = "FirebaseInAppMessaging-Beta";
		};
		BB40D1742B76741700BE9D83 /* FirebaseInAppMessagingSwift-Beta */ = {
			isa = XCSwiftPackageProductDependency;
			package = BB40D1612B76741700BE9D83 /* XCRemoteSwiftPackageReference "firebase-ios-sdk" */;
			productName = "FirebaseInAppMessagingSwift-Beta";
		};
/* End XCSwiftPackageProductDependency section */
	};
	rootObject = BB6E71032B4E2A1A00F13459 /* Project object */;
}
